
Microsoft Visual Studio Solution File, Format Version 12.00
# Visual Studio Version 17
VisualStudioVersion = 17.10.35013.160
MinimumVisualStudioVersion = 10.0.40219.1
Project("{2150E333-8FDC-42A3-9474-1A3956D46DE8}") = ".SolutionItems", ".SolutionItems", "{240EDA0F-5AED-4F12-B3AA-DF765B2D1A4A}"
	ProjectSection(SolutionItems) = preProject
		.gitignore = .gitignore
		README.md = README.md
	EndProjectSection
EndProject
Project("{9A19103F-16F7-4668-BE54-9A1E7A4F7556}") = "M3u8.CLI", "M3u8.CLI\M3u8.CLI.csproj", "{0CA2F441-DD55-4C4A-A23E-A440F23BC875}"
EndProject
Global
	GlobalSection(SolutionConfigurationPlatforms) = preSolution
		Debug|Any CPU = Debug|Any CPU
		Release|Any CPU = Release|Any CPU
	EndGlobalSection
	GlobalSection(ProjectConfigurationPlatforms) = postSolution
		{0CA2F441-DD55-4C4A-A23E-A440F23BC875}.Debug|Any CPU.ActiveCfg = Debug|Any CPU
		{0CA2F441-DD55-4C4A-A23E-A440F23BC875}.Debug|Any CPU.Build.0 = Debug|Any CPU
		{0CA2F441-DD55-4C4A-A23E-A440F23BC875}.Release|Any CPU.ActiveCfg = Release|Any CPU
		{0CA2F441-DD55-4C4A-A23E-A440F23BC875}.Release|Any CPU.Build.0 = Release|Any CPU
	EndGlobalSection
	GlobalSection(SolutionProperties) = preSolution
		HideSolutionNode = FALSE
	EndGlobalSection
	GlobalSection(ExtensibilityGlobals) = postSolution
		SolutionGuid = {FBC051BC-8B34-4D6D-8FB7-C4528D16239E}
	EndGlobalSection
EndGlobal
